
Microsoft Visual Studio Solution File, Format Version 12.00
# Visual Studio 2013
VisualStudioVersion = 12.0.21005.1
MinimumVisualStudioVersion = 10.0.40219.1
Project("{FAE04EC0-301F-11D3-BF4B-00C04F79EFBC}") = "RomanNumerals", "RomanNumerals\RomanNumerals.csproj", "{615E491C-49B9-44F3-8AEF-2C40ADCE8E1F}"
EndProject
Project("{F2A71F9B-5D33-465A-A702-920D77279786}") = "RomanNumeralsFSharp", "RomanNumeralsFSharp\RomanNumeralsFSharp.fsproj", "{556BD175-53F5-4309-95DE-93EFBCC527D4}"
EndProject
Global
	GlobalSection(SolutionConfigurationPlatforms) = preSolution
		Debug|Any CPU = Debug|Any CPU
		Release|Any CPU = Release|Any CPU
	EndGlobalSection
	GlobalSection(ProjectConfigurationPlatforms) = postSolution
		{615E491C-49B9-44F3-8AEF-2C40ADCE8E1F}.Debug|Any CPU.ActiveCfg = Debug|Any CPU
		{615E491C-49B9-44F3-8AEF-2C40ADCE8E1F}.Debug|Any CPU.Build.0 = Debug|Any CPU
		{615E491C-49B9-44F3-8AEF-2C40ADCE8E1F}.Release|Any CPU.ActiveCfg = Release|Any CPU
		{615E491C-49B9-44F3-8AEF-2C40ADCE8E1F}.Release|Any CPU.Build.0 = Release|Any CPU
		{556BD175-53F5-4309-95DE-93EFBCC527D4}.Debug|Any CPU.ActiveCfg = Debug|Any CPU
		{556BD175-53F5-4309-95DE-93EFBCC527D4}.Debug|Any CPU.Build.0 = Debug|Any CPU
		{556BD175-53F5-4309-95DE-93EFBCC527D4}.Release|Any CPU.ActiveCfg = Release|Any CPU
		{556BD175-53F5-4309-95DE-93EFBCC527D4}.Release|Any CPU.Build.0 = Release|Any CPU
	EndGlobalSection
	GlobalSection(SolutionProperties) = preSolution
		HideSolutionNode = FALSE
	EndGlobalSection
EndGlobal
